
Microsoft Visual Studio Solution File, Format Version 12.00
# Visual Studio Version 16
VisualStudioVersion = 16.0.32929.386
MinimumVisualStudioVersion = 10.0.40219.1
Project("{FAE04EC0-301F-11D3-BF4B-00C04F79EFBC}") = "WebApp_UnderTheHood", "WebApp_UnderTheHood\WebApp_UnderTheHood.csproj", "{1041B147-CAA7-4E0A-BC70-AAE6417873EE}"
EndProject
Global
	GlobalSection(SolutionConfigurationPlatforms) = preSolution
		Debug|Any CPU = Debug|Any CPU
		Release|Any CPU = Release|Any CPU
	EndGlobalSection
	GlobalSection(ProjectConfigurationPlatforms) = postSolution
		{1041B147-CAA7-4E0A-BC70-AAE6417873EE}.Debug|Any CPU.ActiveCfg = Debug|Any CPU
		{1041B147-CAA7-4E0A-BC70-AAE6417873EE}.Debug|Any CPU.Build.0 = Debug|Any CPU
		{1041B147-CAA7-4E0A-BC70-AAE6417873EE}.Release|Any CPU.ActiveCfg = Release|Any CPU
		{1041B147-CAA7-4E0A-BC70-AAE6417873EE}.Release|Any CPU.Build.0 = Release|Any CPU
	EndGlobalSection
	GlobalSection(SolutionProperties) = preSolution
		HideSolutionNode = FALSE
	EndGlobalSection
	GlobalSection(ExtensibilityGlobals) = postSolution
		SolutionGuid = {B554146E-2144-4FDA-BCDA-033E9BA7CCF0}
	EndGlobalSection
EndGlobal
